{
    "_readme": [
        "This file locks the dependencies of your project to a known state",
        "Read more about it at https://getcomposer.org/doc/01-basic-usage.md#composer-lock-the-lock-file",
        "This file is @generated automatically"
    ],
    "hash": "644a741fd195f36589bec23e4477c9fe",
    "packages": [
        {
            "name": "gdm/framework-types",
            "version": "0.0.1",
            "source": {
                "type": "git",
                "url": "https://github.com/guru-digital/framework-types.git",
                "reference": "190a6902e3e65acbc5bc1351a98295c9580a6eed"
            },
            "dist": {
                "type": "zip",
                "url": "https://api.github.com/repos/guru-digital/framework-types/zipball/190a6902e3e65acbc5bc1351a98295c9580a6eed",
                "reference": "190a6902e3e65acbc5bc1351a98295c9580a6eed",
                "shasum": ""
            },
            "require-dev": {
                "phpunit/phpunit": "4.1.*"
            },
            "type": "library",
            "autoload": {
                "psr-0": {
                    "GDM": "./"
                }
            },
            "notification-url": "https://packagist.org/downloads/",
            "license": [
                "BSD-3-Clause"
            ],
            "authors": [
                {
                    "name": "Corey Sewell - Guru Digital Media",
                    "email": "corey@gdmedia.tv"
                }
            ],
            "description": "GDM Framework - Types",
            "homepage": "https://github.com/guru-digital/framework-types/",
            "keywords": [
                "types"
            ],
            "time": "2014-07-28 10:43:00"
        }
    ],
    "packages-dev": [],
    "aliases": [],
    "minimum-stability": "stable",
    "stability-flags": [],
    "prefer-stable": false,
    "prefer-lowest": false,
    "platform": [],
    "platform-dev": []
}
